// !$*UTF8*$!
{
	archiveVersion = 1;
	classes = {
	};
	objectVersion = 50;
	objects = {

/* Begin PBXBuildFile section */
		F149652D24323456008C1847 /* UIImage+Network+Type.swift in Sources */ = {isa = PBXBuildFile; fileRef = F149652124323456008C1847 /* UIImage+Network+Type.swift */; };
		F149652E24323456008C1847 /* UIImage+Extension.swift in Sources */ = {isa = PBXBuildFile; fileRef = F149652224323456008C1847 /* UIImage+Extension.swift */; };
		F149652F24323456008C1847 /* UIImage+Network.swift in Sources */ = {isa = PBXBuildFile; fileRef = F149652324323456008C1847 /* UIImage+Network.swift */; };
		F149653024323456008C1847 /* CGImage+Extension.swift in Sources */ = {isa = PBXBuildFile; fileRef = F149652524323456008C1847 /* CGImage+Extension.swift */; };
		F149653124323456008C1847 /* UIImageView+Network.swift in Sources */ = {isa = PBXBuildFile; fileRef = F149652724323456008C1847 /* UIImageView+Network.swift */; };
		F149653224323456008C1847 /* UIImageView+Network+Type.swift in Sources */ = {isa = PBXBuildFile; fileRef = F149652824323456008C1847 /* UIImageView+Network+Type.swift */; };
		F149653324323456008C1847 /* CIContext+Extension.swift in Sources */ = {isa = PBXBuildFile; fileRef = F149652924323456008C1847 /* CIContext+Extension.swift */; };
		F149653424323456008C1847 /* NSImage+Extension.swift in Sources */ = {isa = PBXBuildFile; fileRef = F149652B24323456008C1847 /* NSImage+Extension.swift */; };
		F149653524323456008C1847 /* NSImageView+Extension.swift in Sources */ = {isa = PBXBuildFile; fileRef = F149652C24323456008C1847 /* NSImageView+Extension.swift */; };
		F1BED6BD21B5041600A0D3D4 /* AppDelegate.swift in Sources */ = {isa = PBXBuildFile; fileRef = F1BED6BC21B5041600A0D3D4 /* AppDelegate.swift */; };
		F1BED6C421B5041900A0D3D4 /* Assets.xcassets in Resources */ = {isa = PBXBuildFile; fileRef = F1BED6C321B5041900A0D3D4 /* Assets.xcassets */; };
		F1BED6C721B5041900A0D3D4 /* LaunchScreen.storyboard in Resources */ = {isa = PBXBuildFile; fileRef = F1BED6C521B5041900A0D3D4 /* LaunchScreen.storyboard */; };
/* End PBXBuildFile section */

/* Begin PBXCopyFilesBuildPhase section */
		F1BED6DF21B5042A00A0D3D4 /* Embed Frameworks */ = {
			isa = PBXCopyFilesBuildPhase;
			buildActionMask = 2147483647;
			dstPath = "";
			dstSubfolderSpec = 10;
			files = (
			);
			name = "Embed Frameworks";
			runOnlyForDeploymentPostprocessing = 0;
		};
/* End PBXCopyFilesBuildPhase section */

/* Begin PBXFileReference section */
		F149652124323456008C1847 /* UIImage+Network+Type.swift */ = {isa = PBXFileReference; fileEncoding = 4; lastKnownFileType = sourcecode.swift; path = "UIImage+Network+Type.swift"; sourceTree = "<group>"; };
		F149652224323456008C1847 /* UIImage+Extension.swift */ = {isa = PBXFileReference; fileEncoding = 4; lastKnownFileType = sourcecode.swift; path = "UIImage+Extension.swift"; sourceTree = "<group>"; };
		F149652324323456008C1847 /* UIImage+Network.swift */ = {isa = PBXFileReference; fileEncoding = 4; lastKnownFileType = sourcecode.swift; path = "UIImage+Network.swift"; sourceTree = "<group>"; };
		F149652524323456008C1847 /* CGImage+Extension.swift */ = {isa = PBXFileReference; fileEncoding = 4; lastKnownFileType = sourcecode.swift; path = "CGImage+Extension.swift"; sourceTree = "<group>"; };
		F149652724323456008C1847 /* UIImageView+Network.swift */ = {isa = PBXFileReference; fileEncoding = 4; lastKnownFileType = sourcecode.swift; path = "UIImageView+Network.swift"; sourceTree = "<group>"; };
		F149652824323456008C1847 /* UIImageView+Network+Type.swift */ = {isa = PBXFileReference; fileEncoding = 4; lastKnownFileType = sourcecode.swift; path = "UIImageView+Network+Type.swift"; sourceTree = "<group>"; };
		F149652924323456008C1847 /* CIContext+Extension.swift */ = {isa = PBXFileReference; fileEncoding = 4; lastKnownFileType = sourcecode.swift; path = "CIContext+Extension.swift"; sourceTree = "<group>"; };
		F149652B24323456008C1847 /* NSImage+Extension.swift */ = {isa = PBXFileReference; fileEncoding = 4; lastKnownFileType = sourcecode.swift; path = "NSImage+Extension.swift"; sourceTree = "<group>"; };
		F149652C24323456008C1847 /* NSImageView+Extension.swift */ = {isa = PBXFileReference; fileEncoding = 4; lastKnownFileType = sourcecode.swift; path = "NSImageView+Extension.swift"; sourceTree = "<group>"; };
		F1BED6B921B5041600A0D3D4 /* ImageSugarExample.app */ = {isa = PBXFileReference; explicitFileType = wrapper.application; includeInIndex = 0; path = ImageSugarExample.app; sourceTree = BUILT_PRODUCTS_DIR; };
		F1BED6BC21B5041600A0D3D4 /* AppDelegate.swift */ = {isa = PBXFileReference; lastKnownFileType = sourcecode.swift; path = AppDelegate.swift; sourceTree = "<group>"; };
		F1BED6C321B5041900A0D3D4 /* Assets.xcassets */ = {isa = PBXFileReference; lastKnownFileType = folder.assetcatalog; path = Assets.xcassets; sourceTree = "<group>"; };
		F1BED6C621B5041900A0D3D4 /* Base */ = {isa = PBXFileReference; lastKnownFileType = file.storyboard; name = Base; path = Base.lproj/LaunchScreen.storyboard; sourceTree = "<group>"; };
		F1BED6C821B5041900A0D3D4 /* Info.plist */ = {isa = PBXFileReference; lastKnownFileType = text.plist.xml; path = Info.plist; sourceTree = "<group>"; };
/* End PBXFileReference section */

/* Begin PBXFrameworksBuildPhase section */
		F1BED6B621B5041600A0D3D4 /* Frameworks */ = {
			isa = PBXFrameworksBuildPhase;
			buildActionMask = 2147483647;
			files = (
			);
			runOnlyForDeploymentPostprocessing = 0;
		};
/* End PBXFrameworksBuildPhase section */

/* Begin PBXGroup section */
		F149651E24323456008C1847 /* Sources */ = {
			isa = PBXGroup;
			children = (
				F149651F24323456008C1847 /* ImageSugar */,
			);
			path = Sources;
			sourceTree = "<group>";
		};
		F149651F24323456008C1847 /* ImageSugar */ = {
			isa = PBXGroup;
			children = (
				F149652024323456008C1847 /* UIImage */,
				F149652424323456008C1847 /* CGImage */,
				F149652624323456008C1847 /* UIImageView */,
				F149652924323456008C1847 /* CIContext+Extension.swift */,
				F149652A24323456008C1847 /* NSImage */,
			);
			path = ImageSugar;
			sourceTree = "<group>";
		};
		F149652024323456008C1847 /* UIImage */ = {
			isa = PBXGroup;
			children = (
				F149652124323456008C1847 /* UIImage+Network+Type.swift */,
				F149652224323456008C1847 /* UIImage+Extension.swift */,
				F149652324323456008C1847 /* UIImage+Network.swift */,
			);
			path = UIImage;
			sourceTree = "<group>";
		};
		F149652424323456008C1847 /* CGImage */ = {
			isa = PBXGroup;
			children = (
				F149652524323456008C1847 /* CGImage+Extension.swift */,
			);
			path = CGImage;
			sourceTree = "<group>";
		};
		F149652624323456008C1847 /* UIImageView */ = {
			isa = PBXGroup;
			children = (
				F149652724323456008C1847 /* UIImageView+Network.swift */,
				F149652824323456008C1847 /* UIImageView+Network+Type.swift */,
			);
			path = UIImageView;
			sourceTree = "<group>";
		};
		F149652A24323456008C1847 /* NSImage */ = {
			isa = PBXGroup;
			children = (
				F149652B24323456008C1847 /* NSImage+Extension.swift */,
				F149652C24323456008C1847 /* NSImageView+Extension.swift */,
			);
			path = NSImage;
			sourceTree = "<group>";
		};
		F1BED6B021B5041600A0D3D4 = {
			isa = PBXGroup;
			children = (
				F149651E24323456008C1847 /* Sources */,
				F1BED6BB21B5041600A0D3D4 /* ImageSugarExample */,
				F1BED6BA21B5041600A0D3D4 /* Products */,
			);
			sourceTree = "<group>";
		};
		F1BED6BA21B5041600A0D3D4 /* Products */ = {
			isa = PBXGroup;
			children = (
				F1BED6B921B5041600A0D3D4 /* ImageSugarExample.app */,
			);
			name = Products;
			sourceTree = "<group>";
		};
		F1BED6BB21B5041600A0D3D4 /* ImageSugarExample */ = {
			isa = PBXGroup;
			children = (
				F1BED6BC21B5041600A0D3D4 /* AppDelegate.swift */,
				F1BED6C321B5041900A0D3D4 /* Assets.xcassets */,
				F1BED6C521B5041900A0D3D4 /* LaunchScreen.storyboard */,
				F1BED6C821B5041900A0D3D4 /* Info.plist */,
			);
			path = ImageSugarExample;
			sourceTree = "<group>";
		};
/* End PBXGroup section */

/* Begin PBXNativeTarget section */
		F1BED6B821B5041600A0D3D4 /* ImageSugarExample */ = {
			isa = PBXNativeTarget;
			buildConfigurationList = F1BED6CB21B5041900A0D3D4 /* Build configuration list for PBXNativeTarget "ImageSugarExample" */;
			buildPhases = (
				F1BED6B521B5041600A0D3D4 /* Sources */,
				F1BED6B621B5041600A0D3D4 /* Frameworks */,
				F1BED6B721B5041600A0D3D4 /* Resources */,
				F1BED6DF21B5042A00A0D3D4 /* Embed Frameworks */,
				F1C2170F228AB488005B445B /* ShellScript */,
			);
			buildRules = (
			);
			dependencies = (
			);
			name = ImageSugarExample;
			productName = ImageSugarExample;
			productReference = F1BED6B921B5041600A0D3D4 /* ImageSugarExample.app */;
			productType = "com.apple.product-type.application";
		};
/* End PBXNativeTarget section */

/* Begin PBXProject section */
		F1BED6B121B5041600A0D3D4 /* Project object */ = {
			isa = PBXProject;
			attributes = {
				LastSwiftUpdateCheck = 1010;
				LastUpgradeCheck = 1010;
				ORGANIZATIONNAME = FutureLab;
				TargetAttributes = {
					F1BED6B821B5041600A0D3D4 = {
						CreatedOnToolsVersion = 10.1;
						LastSwiftMigration = 1130;
					};
				};
			};
			buildConfigurationList = F1BED6B421B5041600A0D3D4 /* Build configuration list for PBXProject "ImageSugarExample" */;
			compatibilityVersion = "Xcode 9.3";
			developmentRegion = en;
			hasScannedForEncodings = 0;
			knownRegions = (
				en,
				Base,
			);
			mainGroup = F1BED6B021B5041600A0D3D4;
			productRefGroup = F1BED6BA21B5041600A0D3D4 /* Products */;
			projectDirPath = "";
			projectRoot = "";
			targets = (
				F1BED6B821B5041600A0D3D4 /* ImageSugarExample */,
			);
		};
/* End PBXProject section */

/* Begin PBXResourcesBuildPhase section */
		F1BED6B721B5041600A0D3D4 /* Resources */ = {
			isa = PBXResourcesBuildPhase;
			buildActionMask = 2147483647;
			files = (
				F1BED6C721B5041900A0D3D4 /* LaunchScreen.storyboard in Resources */,
				F1BED6C421B5041900A0D3D4 /* Assets.xcassets in Resources */,
			);
			runOnlyForDeploymentPostprocessing = 0;
		};
/* End PBXResourcesBuildPhase section */

/* Begin PBXShellScriptBuildPhase section */
		F1C2170F228AB488005B445B /* ShellScript */ = {
			isa = PBXShellScriptBuildPhase;
			buildActionMask = 2147483647;
			files = (
			);
			inputFileListPaths = (
			);
			inputPaths = (
			);
			outputFileListPaths = (
			);
			outputPaths = (
			);
			runOnlyForDeploymentPostprocessing = 0;
			shellPath = /bin/sh;
			shellScript = "if which swiftlint >/dev/null; then\nswiftlint\nelse\necho \"warning: SwiftLint not installed, download from https://github.com/realm/SwiftLint\"\nfi\n";
		};
/* End PBXShellScriptBuildPhase section */

/* Begin PBXSourcesBuildPhase section */
		F1BED6B521B5041600A0D3D4 /* Sources */ = {
			isa = PBXSourcesBuildPhase;
			buildActionMask = 2147483647;
			files = (
				F149652E24323456008C1847 /* UIImage+Extension.swift in Sources */,
				F149652D24323456008C1847 /* UIImage+Network+Type.swift in Sources */,
				F149653424323456008C1847 /* NSImage+Extension.swift in Sources */,
				F149653524323456008C1847 /* NSImageView+Extension.swift in Sources */,
				F149652F24323456008C1847 /* UIImage+Network.swift in Sources */,
				F1BED6BD21B5041600A0D3D4 /* AppDelegate.swift in Sources */,
				F149653224323456008C1847 /* UIImageView+Network+Type.swift in Sources */,
				F149653324323456008C1847 /* CIContext+Extension.swift in Sources */,
				F149653024323456008C1847 /* CGImage+Extension.swift in Sources */,
				F149653124323456008C1847 /* UIImageView+Network.swift in Sources */,
			);
			runOnlyForDeploymentPostprocessing = 0;
		};
/* End PBXSourcesBuildPhase section */

/* Begin PBXVariantGroup section */
		F1BED6C521B5041900A0D3D4 /* LaunchScreen.storyboard */ = {
			isa = PBXVariantGroup;
			children = (
				F1BED6C621B5041900A0D3D4 /* Base */,
			);
			name = LaunchScreen.storyboard;
			sourceTree = "<group>";
		};
/* End PBXVariantGroup section */

/* Begin XCBuildConfiguration section */
		F1BED6C921B5041900A0D3D4 /* Debug */ = {
			isa = XCBuildConfiguration;
			buildSettings = {
				ALWAYS_SEARCH_USER_PATHS = NO;
				CLANG_ANALYZER_NONNULL = YES;
				CLANG_ANALYZER_NUMBER_OBJECT_CONVERSION = YES_AGGRESSIVE;
				CLANG_CXX_LANGUAGE_STANDARD = "gnu++14";
				CLANG_CXX_LIBRARY = "libc++";
				CLANG_ENABLE_MODULES = YES;
				CLANG_ENABLE_OBJC_ARC = YES;
				CLANG_ENABLE_OBJC_WEAK = YES;
				CLANG_WARN_BLOCK_CAPTURE_AUTORELEASING = YES;
				CLANG_WARN_BOOL_CONVERSION = YES;
				CLANG_WARN_COMMA = YES;
				CLANG_WARN_CONSTANT_CONVERSION = YES;
				CLANG_WARN_DEPRECATED_OBJC_IMPLEMENTATIONS = YES;
				CLANG_WARN_DIRECT_OBJC_ISA_USAGE = YES_ERROR;
				CLANG_WARN_DOCUMENTATION_COMMENTS = YES;
				CLANG_WARN_EMPTY_BODY = YES;
				CLANG_WARN_ENUM_CONVERSION = YES;
				CLANG_WARN_INFINITE_RECURSION = YES;
				CLANG_WARN_INT_CONVERSION = YES;
				CLANG_WARN_NON_LITERAL_NULL_CONVERSION = YES;
				CLANG_WARN_OBJC_IMPLICIT_RETAIN_SELF = YES;
				CLANG_WARN_OBJC_LITERAL_CONVERSION = YES;
				CLANG_WARN_OBJC_ROOT_CLASS = YES_ERROR;
				CLANG_WARN_RANGE_LOOP_ANALYSIS = YES;
				CLANG_WARN_STRICT_PROTOTYPES = YES;
				CLANG_WARN_SUSPICIOUS_MOVE = YES;
				CLANG_WARN_UNGUARDED_AVAILABILITY = YES_AGGRESSIVE;
				CLANG_WARN_UNREACHABLE_CODE = YES;
				CLANG_WARN__DUPLICATE_METHOD_MATCH = YES;
				CODE_SIGN_IDENTITY = "iPhone Developer";
				COPY_PHASE_STRIP = NO;
				DEBUG_INFORMATION_FORMAT = dwarf;
				ENABLE_STRICT_OBJC_MSGSEND = YES;
				ENABLE_TESTABILITY = YES;
				GCC_C_LANGUAGE_STANDARD = gnu11;
				GCC_DYNAMIC_NO_PIC = NO;
				GCC_NO_COMMON_BLOCKS = YES;
				GCC_OPTIMIZATION_LEVEL = 0;
				GCC_PREPROCESSOR_DEFINITIONS = (
					"DEBUG=1",
					"$(inherited)",
				);
				GCC_WARN_64_TO_32_BIT_CONVERSION = YES;
				GCC_WARN_ABOUT_RETURN_TYPE = YES_ERROR;
				GCC_WARN_UNDECLARED_SELECTOR = YES;
				GCC_WARN_UNINITIALIZED_AUTOS = YES_AGGRESSIVE;
				GCC_WARN_UNUSED_FUNCTION = YES;
				GCC_WARN_UNUSED_VARIABLE = YES;
				IPHONEOS_DEPLOYMENT_TARGET = 12.2;
				MTL_ENABLE_DEBUG_INFO = INCLUDE_SOURCE;
				MTL_FAST_MATH = YES;
				ONLY_ACTIVE_ARCH = YES;
				SDKROOT = iphoneos;
				SWIFT_ACTIVE_COMPILATION_CONDITIONS = DEBUG;
				SWIFT_OPTIMIZATION_LEVEL = "-Onone";
			};
			name = Debug;
		};
		F1BED6CA21B5041900A0D3D4 /* Release */ = {
			isa = XCBuildConfiguration;
			buildSettings = {
				ALWAYS_SEARCH_USER_PATHS = NO;
				CLANG_ANALYZER_NONNULL = YES;
				CLANG_ANALYZER_NUMBER_OBJECT_CONVERSION = YES_AGGRESSIVE;
				CLANG_CXX_LANGUAGE_STANDARD = "gnu++14";
				CLANG_CXX_LIBRARY = "libc++";
				CLANG_ENABLE_MODULES = YES;
				CLANG_ENABLE_OBJC_ARC = YES;
				CLANG_ENABLE_OBJC_WEAK = YES;
				CLANG_WARN_BLOCK_CAPTURE_AUTORELEASING = YES;
				CLANG_WARN_BOOL_CONVERSION = YES;
				CLANG_WARN_COMMA = YES;
				CLANG_WARN_CONSTANT_CONVERSION = YES;
				CLANG_WARN_DEPRECATED_OBJC_IMPLEMENTATIONS = YES;
				CLANG_WARN_DIRECT_OBJC_ISA_USAGE = YES_ERROR;
				CLANG_WARN_DOCUMENTATION_COMMENTS = YES;
				CLANG_WARN_EMPTY_BODY = YES;
				CLANG_WARN_ENUM_CONVERSION = YES;
				CLANG_WARN_INFINITE_RECURSION = YES;
				CLANG_WARN_INT_CONVERSION = YES;
				CLANG_WARN_NON_LITERAL_NULL_CONVERSION = YES;
				CLANG_WARN_OBJC_IMPLICIT_RETAIN_SELF = YES;
				CLANG_WARN_OBJC_LITERAL_CONVERSION = YES;
				CLANG_WARN_OBJC_ROOT_CLASS = YES_ERROR;
				CLANG_WARN_RANGE_LOOP_ANALYSIS = YES;
				CLANG_WARN_STRICT_PROTOTYPES = YES;
				CLANG_WARN_SUSPICIOUS_MOVE = YES;
				CLANG_WARN_UNGUARDED_AVAILABILITY = YES_AGGRESSIVE;
				CLANG_WARN_UNREACHABLE_CODE = YES;
				CLANG_WARN__DUPLICATE_METHOD_MATCH = YES;
				CODE_SIGN_IDENTITY = "iPhone Developer";
				COPY_PHASE_STRIP = NO;
				DEBUG_INFORMATION_FORMAT = "dwarf-with-dsym";
				ENABLE_NS_ASSERTIONS = NO;
				ENABLE_STRICT_OBJC_MSGSEND = YES;
				GCC_C_LANGUAGE_STANDARD = gnu11;
				GCC_NO_COMMON_BLOCKS = YES;
				GCC_WARN_64_TO_32_BIT_CONVERSION = YES;
				GCC_WARN_ABOUT_RETURN_TYPE = YES_ERROR;
				GCC_WARN_UNDECLARED_SELECTOR = YES;
				GCC_WARN_UNINITIALIZED_AUTOS = YES_AGGRESSIVE;
				GCC_WARN_UNUSED_FUNCTION = YES;
				GCC_WARN_UNUSED_VARIABLE = YES;
				IPHONEOS_DEPLOYMENT_TARGET = 12.2;
				MTL_ENABLE_DEBUG_INFO = NO;
				MTL_FAST_MATH = YES;
				SDKROOT = iphoneos;
				SWIFT_COMPILATION_MODE = wholemodule;
				SWIFT_OPTIMIZATION_LEVEL = "-O";
				VALIDATE_PRODUCT = YES;
			};
			name = Release;
		};
		F1BED6CC21B5041900A0D3D4 /* Debug */ = {
			isa = XCBuildConfiguration;
			buildSettings = {
				ALWAYS_EMBED_SWIFT_STANDARD_LIBRARIES = YES;
				ASSETCATALOG_COMPILER_APPICON_NAME = AppIcon;
				CODE_SIGN_STYLE = Automatic;
				DEVELOPMENT_TEAM = B5CC9TD7P7;
				INFOPLIST_FILE = ImageSugarExample/Info.plist;
				LD_RUNPATH_SEARCH_PATHS = (
					"$(inherited)",
					"@executable_path/Frameworks",
				);
				PRODUCT_BUNDLE_IDENTIFIER = io.github.futurelab.ImageSugarExample;
				PRODUCT_NAME = "$(TARGET_NAME)";
				SWIFT_VERSION = 5.0;
				TARGETED_DEVICE_FAMILY = "1,2";
			};
			name = Debug;
		};
		F1BED6CD21B5041900A0D3D4 /* Release */ = {
			isa = XCBuildConfiguration;
			buildSettings = {
				ALWAYS_EMBED_SWIFT_STANDARD_LIBRARIES = YES;
				ASSETCATALOG_COMPILER_APPICON_NAME = AppIcon;
				CODE_SIGN_STYLE = Automatic;
				DEVELOPMENT_TEAM = B5CC9TD7P7;
				INFOPLIST_FILE = ImageSugarExample/Info.plist;
				LD_RUNPATH_SEARCH_PATHS = (
					"$(inherited)",
					"@executable_path/Frameworks",
				);
				PRODUCT_BUNDLE_IDENTIFIER = io.github.futurelab.ImageSugarExample;
				PRODUCT_NAME = "$(TARGET_NAME)";
				SWIFT_VERSION = 5.0;
				TARGETED_DEVICE_FAMILY = "1,2";
			};
			name = Release;
		};
/* End XCBuildConfiguration section */

/* Begin XCConfigurationList section */
		F1BED6B421B5041600A0D3D4 /* Build configuration list for PBXProject "ImageSugarExample" */ = {
			isa = XCConfigurationList;
			buildConfigurations = (
				F1BED6C921B5041900A0D3D4 /* Debug */,
				F1BED6CA21B5041900A0D3D4 /* Release */,
			);
			defaultConfigurationIsVisible = 0;
			defaultConfigurationName = Release;
		};
		F1BED6CB21B5041900A0D3D4 /* Build configuration list for PBXNativeTarget "ImageSugarExample" */ = {
			isa = XCConfigurationList;
			buildConfigurations = (
				F1BED6CC21B5041900A0D3D4 /* Debug */,
				F1BED6CD21B5041900A0D3D4 /* Release */,
			);
			defaultConfigurationIsVisible = 0;
			defaultConfigurationName = Release;
		};
/* End XCConfigurationList section */
	};
	rootObject = F1BED6B121B5041600A0D3D4 /* Project object */;
}
